
Microsoft Visual Studio Solution File, Format Version 12.00
# Visual Studio Version 17
VisualStudioVersion = 17.0.31512.422
MinimumVisualStudioVersion = 10.0.40219.1
Project("{9A19103F-16F7-4668-BE54-9A1E7A4F7556}") = "Robos_DOM", "Robos_DOM\Robos_DOM.csproj", "{E09A0669-BF08-458F-8647-041F50D9DEB2}"
EndProject
Project("{9A19103F-16F7-4668-BE54-9A1E7A4F7556}") = "DataLibrary", "DataLibrary\DataLibrary.csproj", "{1337653B-0FCA-45FD-ABF9-BDEECE52AA8F}"
EndProject
Global
	GlobalSection(SolutionConfigurationPlatforms) = preSolution
		Debug|Any CPU = Debug|Any CPU
		Release|Any CPU = Release|Any CPU
	EndGlobalSection
	GlobalSection(ProjectConfigurationPlatforms) = postSolution
		{E09A0669-BF08-458F-8647-041F50D9DEB2}.Debug|Any CPU.ActiveCfg = Debug|Any CPU
		{E09A0669-BF08-458F-8647-041F50D9DEB2}.Debug|Any CPU.Build.0 = Debug|Any CPU
		{E09A0669-BF08-458F-8647-041F50D9DEB2}.Release|Any CPU.ActiveCfg = Release|Any CPU
		{E09A0669-BF08-458F-8647-041F50D9DEB2}.Release|Any CPU.Build.0 = Release|Any CPU
		{1337653B-0FCA-45FD-ABF9-BDEECE52AA8F}.Debug|Any CPU.ActiveCfg = Debug|Any CPU
		{1337653B-0FCA-45FD-ABF9-BDEECE52AA8F}.Debug|Any CPU.Build.0 = Debug|Any CPU
		{1337653B-0FCA-45FD-ABF9-BDEECE52AA8F}.Release|Any CPU.ActiveCfg = Release|Any CPU
		{1337653B-0FCA-45FD-ABF9-BDEECE52AA8F}.Release|Any CPU.Build.0 = Release|Any CPU
	EndGlobalSection
	GlobalSection(SolutionProperties) = preSolution
		HideSolutionNode = FALSE
	EndGlobalSection
	GlobalSection(ExtensibilityGlobals) = postSolution
		SolutionGuid = {6B566225-0B97-402D-B092-67DF6958B76A}
	EndGlobalSection
EndGlobal
